
Microsoft Visual Studio Solution File, Format Version 12.00
# Visual Studio Version 17
VisualStudioVersion = 17.0.31903.59
MinimumVisualStudioVersion = 10.0.40219.1
Project("{FAE04EC0-301F-11D3-BF4B-00C04F79EFBC}") = "Domain", "Domain\Domain.csproj", "{7AA4A78C-901D-4315-9C19-7DA1451BF53C}"
EndProject
Project("{FAE04EC0-301F-11D3-BF4B-00C04F79EFBC}") = "Infrastructure", "Infrastructure\Infrastructure.csproj", "{7E7639FB-B866-4189-A5EC-C5D1545E8E96}"
EndProject
Project("{FAE04EC0-301F-11D3-BF4B-00C04F79EFBC}") = "MainApp", "MainApp\MainApp.csproj", "{D1E7E40E-0410-40D9-8ADD-3920591E2CB9}"
EndProject
Global
	GlobalSection(SolutionConfigurationPlatforms) = preSolution
		Debug|Any CPU = Debug|Any CPU
		Release|Any CPU = Release|Any CPU
	EndGlobalSection
	GlobalSection(SolutionProperties) = preSolution
		HideSolutionNode = FALSE
	EndGlobalSection
	GlobalSection(ProjectConfigurationPlatforms) = postSolution
		{7AA4A78C-901D-4315-9C19-7DA1451BF53C}.Debug|Any CPU.ActiveCfg = Debug|Any CPU
		{7AA4A78C-901D-4315-9C19-7DA1451BF53C}.Debug|Any CPU.Build.0 = Debug|Any CPU
		{7AA4A78C-901D-4315-9C19-7DA1451BF53C}.Release|Any CPU.ActiveCfg = Release|Any CPU
		{7AA4A78C-901D-4315-9C19-7DA1451BF53C}.Release|Any CPU.Build.0 = Release|Any CPU
		{7E7639FB-B866-4189-A5EC-C5D1545E8E96}.Debug|Any CPU.ActiveCfg = Debug|Any CPU
		{7E7639FB-B866-4189-A5EC-C5D1545E8E96}.Debug|Any CPU.Build.0 = Debug|Any CPU
		{7E7639FB-B866-4189-A5EC-C5D1545E8E96}.Release|Any CPU.ActiveCfg = Release|Any CPU
		{7E7639FB-B866-4189-A5EC-C5D1545E8E96}.Release|Any CPU.Build.0 = Release|Any CPU
		{D1E7E40E-0410-40D9-8ADD-3920591E2CB9}.Debug|Any CPU.ActiveCfg = Debug|Any CPU
		{D1E7E40E-0410-40D9-8ADD-3920591E2CB9}.Debug|Any CPU.Build.0 = Debug|Any CPU
		{D1E7E40E-0410-40D9-8ADD-3920591E2CB9}.Release|Any CPU.ActiveCfg = Release|Any CPU
		{D1E7E40E-0410-40D9-8ADD-3920591E2CB9}.Release|Any CPU.Build.0 = Release|Any CPU
	EndGlobalSection
EndGlobal
